// !$*UTF8*$!
{
	archiveVersion = 1;
	classes = {
	};
	objectVersion = 46;
	objects = {

/* Begin PBXBuildFile section */
		BAF2807E1E28C70900D6D181 /* AppDelegate.swift in Sources */ = {isa = PBXBuildFile; fileRef = BAF2807D1E28C70900D6D181 /* AppDelegate.swift */; };
		BAF280801E28C70900D6D181 /* ViewController.swift in Sources */ = {isa = PBXBuildFile; fileRef = BAF2807F1E28C70900D6D181 /* ViewController.swift */; };
		BAF280831E28C70900D6D181 /* Main.storyboard in Resources */ = {isa = PBXBuildFile; fileRef = BAF280811E28C70900D6D181 /* Main.storyboard */; };
		BAF280851E28C70900D6D181 /* Assets.xcassets in Resources */ = {isa = PBXBuildFile; fileRef = BAF280841E28C70900D6D181 /* Assets.xcassets */; };
		BAF280881E28C70900D6D181 /* LaunchScreen.storyboard in Resources */ = {isa = PBXBuildFile; fileRef = BAF280861E28C70900D6D181 /* LaunchScreen.storyboard */; };
		BAF280931E28C70A00D6D181 /* TransitionManagerDemoTests.swift in Sources */ = {isa = PBXBuildFile; fileRef = BAF280921E28C70A00D6D181 /* TransitionManagerDemoTests.swift */; };
		BAF2809E1E28C70A00D6D181 /* TransitionManagerDemoUITests.swift in Sources */ = {isa = PBXBuildFile; fileRef = BAF2809D1E28C70A00D6D181 /* TransitionManagerDemoUITests.swift */; };
		BAF280AD1E28C7B500D6D181 /* TransitionManager.framework in Frameworks */ = {isa = PBXBuildFile; fileRef = BAF280AC1E28C7B500D6D181 /* TransitionManager.framework */; };
		BAF280B01E28CBD700D6D181 /* MenuViewController.swift in Sources */ = {isa = PBXBuildFile; fileRef = BAF280AF1E28CBD700D6D181 /* MenuViewController.swift */; };
/* End PBXBuildFile section */

/* Begin PBXContainerItemProxy section */
		BAF2808F1E28C70900D6D181 /* PBXContainerItemProxy */ = {
			isa = PBXContainerItemProxy;
			containerPortal = BAF280721E28C70900D6D181 /* Project object */;
			proxyType = 1;
			remoteGlobalIDString = BAF280791E28C70900D6D181;
			remoteInfo = TransitionManagerDemo;
		};
		BAF2809A1E28C70A00D6D181 /* PBXContainerItemProxy */ = {
			isa = PBXContainerItemProxy;
			containerPortal = BAF280721E28C70900D6D181 /* Project object */;
			proxyType = 1;
			remoteGlobalIDString = BAF280791E28C70900D6D181;
			remoteInfo = TransitionManagerDemo;
		};
/* End PBXContainerItemProxy section */

/* Begin PBXFileReference section */
		BAF2807A1E28C70900D6D181 /* TransitionManagerDemo.app */ = {isa = PBXFileReference; explicitFileType = wrapper.application; includeInIndex = 0; path = TransitionManagerDemo.app; sourceTree = BUILT_PRODUCTS_DIR; };
		BAF2807D1E28C70900D6D181 /* AppDelegate.swift */ = {isa = PBXFileReference; lastKnownFileType = sourcecode.swift; path = AppDelegate.swift; sourceTree = "<group>"; };
		BAF2807F1E28C70900D6D181 /* ViewController.swift */ = {isa = PBXFileReference; lastKnownFileType = sourcecode.swift; path = ViewController.swift; sourceTree = "<group>"; };
		BAF280821E28C70900D6D181 /* Base */ = {isa = PBXFileReference; lastKnownFileType = file.storyboard; name = Base; path = Base.lproj/Main.storyboard; sourceTree = "<group>"; };
		BAF280841E28C70900D6D181 /* Assets.xcassets */ = {isa = PBXFileReference; lastKnownFileType = folder.assetcatalog; path = Assets.xcassets; sourceTree = "<group>"; };
		BAF280871E28C70900D6D181 /* Base */ = {isa = PBXFileReference; lastKnownFileType = file.storyboard; name = Base; path = Base.lproj/LaunchScreen.storyboard; sourceTree = "<group>"; };
		BAF280891E28C70900D6D181 /* Info.plist */ = {isa = PBXFileReference; lastKnownFileType = text.plist.xml; path = Info.plist; sourceTree = "<group>"; };
		BAF2808E1E28C70900D6D181 /* TransitionManagerDemoTests.xctest */ = {isa = PBXFileReference; explicitFileType = wrapper.cfbundle; includeInIndex = 0; path = TransitionManagerDemoTests.xctest; sourceTree = BUILT_PRODUCTS_DIR; };
		BAF280921E28C70A00D6D181 /* TransitionManagerDemoTests.swift */ = {isa = PBXFileReference; lastKnownFileType = sourcecode.swift; path = TransitionManagerDemoTests.swift; sourceTree = "<group>"; };
		BAF280941E28C70A00D6D181 /* Info.plist */ = {isa = PBXFileReference; lastKnownFileType = text.plist.xml; path = Info.plist; sourceTree = "<group>"; };
		BAF280991E28C70A00D6D181 /* TransitionManagerDemoUITests.xctest */ = {isa = PBXFileReference; explicitFileType = wrapper.cfbundle; includeInIndex = 0; path = TransitionManagerDemoUITests.xctest; sourceTree = BUILT_PRODUCTS_DIR; };
		BAF2809D1E28C70A00D6D181 /* TransitionManagerDemoUITests.swift */ = {isa = PBXFileReference; lastKnownFileType = sourcecode.swift; path = TransitionManagerDemoUITests.swift; sourceTree = "<group>"; };
		BAF2809F1E28C70A00D6D181 /* Info.plist */ = {isa = PBXFileReference; lastKnownFileType = text.plist.xml; path = Info.plist; sourceTree = "<group>"; };
		BAF280AC1E28C7B500D6D181 /* TransitionManager.framework */ = {isa = PBXFileReference; lastKnownFileType = wrapper.framework; name = TransitionManager.framework; path = Carthage/Build/iOS/TransitionManager.framework; sourceTree = "<group>"; };
		BAF280AF1E28CBD700D6D181 /* MenuViewController.swift */ = {isa = PBXFileReference; fileEncoding = 4; lastKnownFileType = sourcecode.swift; path = MenuViewController.swift; sourceTree = "<group>"; };
/* End PBXFileReference section */

/* Begin PBXFrameworksBuildPhase section */
		BAF280771E28C70900D6D181 /* Frameworks */ = {
			isa = PBXFrameworksBuildPhase;
			buildActionMask = 2147483647;
			files = (
				BAF280AD1E28C7B500D6D181 /* TransitionManager.framework in Frameworks */,
			);
			runOnlyForDeploymentPostprocessing = 0;
		};
		BAF2808B1E28C70900D6D181 /* Frameworks */ = {
			isa = PBXFrameworksBuildPhase;
			buildActionMask = 2147483647;
			files = (
			);
			runOnlyForDeploymentPostprocessing = 0;
		};
		BAF280961E28C70A00D6D181 /* Frameworks */ = {
			isa = PBXFrameworksBuildPhase;
			buildActionMask = 2147483647;
			files = (
			);
			runOnlyForDeploymentPostprocessing = 0;
		};
/* End PBXFrameworksBuildPhase section */

/* Begin PBXGroup section */
		BAF280711E28C70900D6D181 = {
			isa = PBXGroup;
			children = (
				BAF2807C1E28C70900D6D181 /* TransitionManagerDemo */,
				BAF280911E28C70A00D6D181 /* TransitionManagerDemoTests */,
				BAF2809C1E28C70A00D6D181 /* TransitionManagerDemoUITests */,
				BAF2807B1E28C70900D6D181 /* Products */,
				BAF280AB1E28C7B400D6D181 /* Frameworks */,
			);
			sourceTree = "<group>";
		};
		BAF2807B1E28C70900D6D181 /* Products */ = {
			isa = PBXGroup;
			children = (
				BAF2807A1E28C70900D6D181 /* TransitionManagerDemo.app */,
				BAF2808E1E28C70900D6D181 /* TransitionManagerDemoTests.xctest */,
				BAF280991E28C70A00D6D181 /* TransitionManagerDemoUITests.xctest */,
			);
			name = Products;
			sourceTree = "<group>";
		};
		BAF2807C1E28C70900D6D181 /* TransitionManagerDemo */ = {
			isa = PBXGroup;
			children = (
				BAF2807D1E28C70900D6D181 /* AppDelegate.swift */,
				BAF2807F1E28C70900D6D181 /* ViewController.swift */,
				BAF280AF1E28CBD700D6D181 /* MenuViewController.swift */,
				BAF280811E28C70900D6D181 /* Main.storyboard */,
				BAF280841E28C70900D6D181 /* Assets.xcassets */,
				BAF280861E28C70900D6D181 /* LaunchScreen.storyboard */,
				BAF280891E28C70900D6D181 /* Info.plist */,
			);
			path = TransitionManagerDemo;
			sourceTree = "<group>";
		};
		BAF280911E28C70A00D6D181 /* TransitionManagerDemoTests */ = {
			isa = PBXGroup;
			children = (
				BAF280921E28C70A00D6D181 /* TransitionManagerDemoTests.swift */,
				BAF280941E28C70A00D6D181 /* Info.plist */,
			);
			path = TransitionManagerDemoTests;
			sourceTree = "<group>";
		};
		BAF2809C1E28C70A00D6D181 /* TransitionManagerDemoUITests */ = {
			isa = PBXGroup;
			children = (
				BAF2809D1E28C70A00D6D181 /* TransitionManagerDemoUITests.swift */,
				BAF2809F1E28C70A00D6D181 /* Info.plist */,
			);
			path = TransitionManagerDemoUITests;
			sourceTree = "<group>";
		};
		BAF280AB1E28C7B400D6D181 /* Frameworks */ = {
			isa = PBXGroup;
			children = (
				BAF280AC1E28C7B500D6D181 /* TransitionManager.framework */,
			);
			name = Frameworks;
			sourceTree = "<group>";
		};
/* End PBXGroup section */

/* Begin PBXNativeTarget section */
		BAF280791E28C70900D6D181 /* TransitionManagerDemo */ = {
			isa = PBXNativeTarget;
			buildConfigurationList = BAF280A21E28C70A00D6D181 /* Build configuration list for PBXNativeTarget "TransitionManagerDemo" */;
			buildPhases = (
				BAF280761E28C70900D6D181 /* Sources */,
				BAF280771E28C70900D6D181 /* Frameworks */,
				BAF280781E28C70900D6D181 /* Resources */,
				BAF280AE1E28C7C100D6D181 /* ShellScript */,
			);
			buildRules = (
			);
			dependencies = (
			);
			name = TransitionManagerDemo;
			productName = TransitionManagerDemo;
			productReference = BAF2807A1E28C70900D6D181 /* TransitionManagerDemo.app */;
			productType = "com.apple.product-type.application";
		};
		BAF2808D1E28C70900D6D181 /* TransitionManagerDemoTests */ = {
			isa = PBXNativeTarget;
			buildConfigurationList = BAF280A51E28C70A00D6D181 /* Build configuration list for PBXNativeTarget "TransitionManagerDemoTests" */;
			buildPhases = (
				BAF2808A1E28C70900D6D181 /* Sources */,
				BAF2808B1E28C70900D6D181 /* Frameworks */,
				BAF2808C1E28C70900D6D181 /* Resources */,
			);
			buildRules = (
			);
			dependencies = (
				BAF280901E28C70900D6D181 /* PBXTargetDependency */,
			);
			name = TransitionManagerDemoTests;
			productName = TransitionManagerDemoTests;
			productReference = BAF2808E1E28C70900D6D181 /* TransitionManagerDemoTests.xctest */;
			productType = "com.apple.product-type.bundle.unit-test";
		};
		BAF280981E28C70A00D6D181 /* TransitionManagerDemoUITests */ = {
			isa = PBXNativeTarget;
			buildConfigurationList = BAF280A81E28C70A00D6D181 /* Build configuration list for PBXNativeTarget "TransitionManagerDemoUITests" */;
			buildPhases = (
				BAF280951E28C70A00D6D181 /* Sources */,
				BAF280961E28C70A00D6D181 /* Frameworks */,
				BAF280971E28C70A00D6D181 /* Resources */,
			);
			buildRules = (
			);
			dependencies = (
				BAF2809B1E28C70A00D6D181 /* PBXTargetDependency */,
			);
			name = TransitionManagerDemoUITests;
			productName = TransitionManagerDemoUITests;
			productReference = BAF280991E28C70A00D6D181 /* TransitionManagerDemoUITests.xctest */;
			productType = "com.apple.product-type.bundle.ui-testing";
		};
/* End PBXNativeTarget section */

/* Begin PBXProject section */
		BAF280721E28C70900D6D181 /* Project object */ = {
			isa = PBXProject;
			attributes = {
				LastSwiftUpdateCheck = 0820;
				LastUpgradeCheck = 0820;
				ORGANIZATIONNAME = "Vicente Suarez";
				TargetAttributes = {
					BAF280791E28C70900D6D181 = {
						CreatedOnToolsVersion = 8.2.1;
						DevelopmentTeam = K6439SN8NA;
						ProvisioningStyle = Automatic;
					};
					BAF2808D1E28C70900D6D181 = {
						CreatedOnToolsVersion = 8.2.1;
						DevelopmentTeam = K6439SN8NA;
						ProvisioningStyle = Automatic;
						TestTargetID = BAF280791E28C70900D6D181;
					};
					BAF280981E28C70A00D6D181 = {
						CreatedOnToolsVersion = 8.2.1;
						DevelopmentTeam = K6439SN8NA;
						ProvisioningStyle = Automatic;
						TestTargetID = BAF280791E28C70900D6D181;
					};
				};
			};
			buildConfigurationList = BAF280751E28C70900D6D181 /* Build configuration list for PBXProject "TransitionManagerDemo" */;
			compatibilityVersion = "Xcode 3.2";
			developmentRegion = English;
			hasScannedForEncodings = 0;
			knownRegions = (
				en,
				Base,
			);
			mainGroup = BAF280711E28C70900D6D181;
			productRefGroup = BAF2807B1E28C70900D6D181 /* Products */;
			projectDirPath = "";
			projectRoot = "";
			targets = (
				BAF280791E28C70900D6D181 /* TransitionManagerDemo */,
				BAF2808D1E28C70900D6D181 /* TransitionManagerDemoTests */,
				BAF280981E28C70A00D6D181 /* TransitionManagerDemoUITests */,
			);
		};
/* End PBXProject section */

/* Begin PBXResourcesBuildPhase section */
		BAF280781E28C70900D6D181 /* Resources */ = {
			isa = PBXResourcesBuildPhase;
			buildActionMask = 2147483647;
			files = (
				BAF280881E28C70900D6D181 /* LaunchScreen.storyboard in Resources */,
				BAF280851E28C70900D6D181 /* Assets.xcassets in Resources */,
				BAF280831E28C70900D6D181 /* Main.storyboard in Resources */,
			);
			runOnlyForDeploymentPostprocessing = 0;
		};
		BAF2808C1E28C70900D6D181 /* Resources */ = {
			isa = PBXResourcesBuildPhase;
			buildActionMask = 2147483647;
			files = (
			);
			runOnlyForDeploymentPostprocessing = 0;
		};
		BAF280971E28C70A00D6D181 /* Resources */ = {
			isa = PBXResourcesBuildPhase;
			buildActionMask = 2147483647;
			files = (
			);
			runOnlyForDeploymentPostprocessing = 0;
		};
/* End PBXResourcesBuildPhase section */

/* Begin PBXShellScriptBuildPhase section */
		BAF280AE1E28C7C100D6D181 /* ShellScript */ = {
			isa = PBXShellScriptBuildPhase;
			buildActionMask = 2147483647;
			files = (
			);
			inputPaths = (
				"$(SRCROOT)/Carthage/Build/iOS/TransitionManager.framework",
			);
			outputPaths = (
			);
			runOnlyForDeploymentPostprocessing = 0;
			shellPath = /bin/sh;
			shellScript = "/usr/local/bin/carthage copy-frameworks";
		};
/* End PBXShellScriptBuildPhase section */

/* Begin PBXSourcesBuildPhase section */
		BAF280761E28C70900D6D181 /* Sources */ = {
			isa = PBXSourcesBuildPhase;
			buildActionMask = 2147483647;
			files = (
				BAF280801E28C70900D6D181 /* ViewController.swift in Sources */,
				BAF280B01E28CBD700D6D181 /* MenuViewController.swift in Sources */,
				BAF2807E1E28C70900D6D181 /* AppDelegate.swift in Sources */,
			);
			runOnlyForDeploymentPostprocessing = 0;
		};
		BAF2808A1E28C70900D6D181 /* Sources */ = {
			isa = PBXSourcesBuildPhase;
			buildActionMask = 2147483647;
			files = (
				BAF280931E28C70A00D6D181 /* TransitionManagerDemoTests.swift in Sources */,
			);
			runOnlyForDeploymentPostprocessing = 0;
		};
		BAF280951E28C70A00D6D181 /* Sources */ = {
			isa = PBXSourcesBuildPhase;
			buildActionMask = 2147483647;
			files = (
				BAF2809E1E28C70A00D6D181 /* TransitionManagerDemoUITests.swift in Sources */,
			);
			runOnlyForDeploymentPostprocessing = 0;
		};
/* End PBXSourcesBuildPhase section */

/* Begin PBXTargetDependency section */
		BAF280901E28C70900D6D181 /* PBXTargetDependency */ = {
			isa = PBXTargetDependency;
			target = BAF280791E28C70900D6D181 /* TransitionManagerDemo */;
			targetProxy = BAF2808F1E28C70900D6D181 /* PBXContainerItemProxy */;
		};
		BAF2809B1E28C70A00D6D181 /* PBXTargetDependency */ = {
			isa = PBXTargetDependency;
			target = BAF280791E28C70900D6D181 /* TransitionManagerDemo */;
			targetProxy = BAF2809A1E28C70A00D6D181 /* PBXContainerItemProxy */;
		};
/* End PBXTargetDependency section */

/* Begin PBXVariantGroup section */
		BAF280811E28C70900D6D181 /* Main.storyboard */ = {
			isa = PBXVariantGroup;
			children = (
				BAF280821E28C70900D6D181 /* Base */,
			);
			name = Main.storyboard;
			sourceTree = "<group>";
		};
		BAF280861E28C70900D6D181 /* LaunchScreen.storyboard */ = {
			isa = PBXVariantGroup;
			children = (
				BAF280871E28C70900D6D181 /* Base */,
			);
			name = LaunchScreen.storyboard;
			sourceTree = "<group>";
		};
/* End PBXVariantGroup section */

/* Begin XCBuildConfiguration section */
		BAF280A01E28C70A00D6D181 /* Debug */ = {
			isa = XCBuildConfiguration;
			buildSettings = {
				ALWAYS_SEARCH_USER_PATHS = NO;
				CLANG_ANALYZER_NONNULL = YES;
				CLANG_CXX_LANGUAGE_STANDARD = "gnu++0x";
				CLANG_CXX_LIBRARY = "libc++";
				CLANG_ENABLE_MODULES = YES;
				CLANG_ENABLE_OBJC_ARC = YES;
				CLANG_WARN_BOOL_CONVERSION = YES;
				CLANG_WARN_CONSTANT_CONVERSION = YES;
				CLANG_WARN_DIRECT_OBJC_ISA_USAGE = YES_ERROR;
				CLANG_WARN_DOCUMENTATION_COMMENTS = YES;
				CLANG_WARN_EMPTY_BODY = YES;
				CLANG_WARN_ENUM_CONVERSION = YES;
				CLANG_WARN_INFINITE_RECURSION = YES;
				CLANG_WARN_INT_CONVERSION = YES;
				CLANG_WARN_OBJC_ROOT_CLASS = YES_ERROR;
				CLANG_WARN_SUSPICIOUS_MOVE = YES;
				CLANG_WARN_UNREACHABLE_CODE = YES;
				CLANG_WARN__DUPLICATE_METHOD_MATCH = YES;
				"CODE_SIGN_IDENTITY[sdk=iphoneos*]" = "iPhone Developer";
				COPY_PHASE_STRIP = NO;
				DEBUG_INFORMATION_FORMAT = dwarf;
				ENABLE_STRICT_OBJC_MSGSEND = YES;
				ENABLE_TESTABILITY = YES;
				GCC_C_LANGUAGE_STANDARD = gnu99;
				GCC_DYNAMIC_NO_PIC = NO;
				GCC_NO_COMMON_BLOCKS = YES;
				GCC_OPTIMIZATION_LEVEL = 0;
				GCC_PREPROCESSOR_DEFINITIONS = (
					"DEBUG=1",
					"$(inherited)",
				);
				GCC_WARN_64_TO_32_BIT_CONVERSION = YES;
				GCC_WARN_ABOUT_RETURN_TYPE = YES_ERROR;
				GCC_WARN_UNDECLARED_SELECTOR = YES;
				GCC_WARN_UNINITIALIZED_AUTOS = YES_AGGRESSIVE;
				GCC_WARN_UNUSED_FUNCTION = YES;
				GCC_WARN_UNUSED_VARIABLE = YES;
				IPHONEOS_DEPLOYMENT_TARGET = 10.2;
				MTL_ENABLE_DEBUG_INFO = YES;
				ONLY_ACTIVE_ARCH = YES;
				SDKROOT = iphoneos;
				SWIFT_ACTIVE_COMPILATION_CONDITIONS = DEBUG;
				SWIFT_OPTIMIZATION_LEVEL = "-Onone";
				TARGETED_DEVICE_FAMILY = "1,2";
			};
			name = Debug;
		};
		BAF280A11E28C70A00D6D181 /* Release */ = {
			isa = XCBuildConfiguration;
			buildSettings = {
				ALWAYS_SEARCH_USER_PATHS = NO;
				CLANG_ANALYZER_NONNULL = YES;
				CLANG_CXX_LANGUAGE_STANDARD = "gnu++0x";
				CLANG_CXX_LIBRARY = "libc++";
				CLANG_ENABLE_MODULES = YES;
				CLANG_ENABLE_OBJC_ARC = YES;
				CLANG_WARN_BOOL_CONVERSION = YES;
				CLANG_WARN_CONSTANT_CONVERSION = YES;
				CLANG_WARN_DIRECT_OBJC_ISA_USAGE = YES_ERROR;
				CLANG_WARN_DOCUMENTATION_COMMENTS = YES;
				CLANG_WARN_EMPTY_BODY = YES;
				CLANG_WARN_ENUM_CONVERSION = YES;
				CLANG_WARN_INFINITE_RECURSION = YES;
				CLANG_WARN_INT_CONVERSION = YES;
				CLANG_WARN_OBJC_ROOT_CLASS = YES_ERROR;
				CLANG_WARN_SUSPICIOUS_MOVE = YES;
				CLANG_WARN_UNREACHABLE_CODE = YES;
				CLANG_WARN__DUPLICATE_METHOD_MATCH = YES;
				"CODE_SIGN_IDENTITY[sdk=iphoneos*]" = "iPhone Developer";
				COPY_PHASE_STRIP = NO;
				DEBUG_INFORMATION_FORMAT = "dwarf-with-dsym";
				ENABLE_NS_ASSERTIONS = NO;
				ENABLE_STRICT_OBJC_MSGSEND = YES;
				GCC_C_LANGUAGE_STANDARD = gnu99;
				GCC_NO_COMMON_BLOCKS = YES;
				GCC_WARN_64_TO_32_BIT_CONVERSION = YES;
				GCC_WARN_ABOUT_RETURN_TYPE = YES_ERROR;
				GCC_WARN_UNDECLARED_SELECTOR = YES;
				GCC_WARN_UNINITIALIZED_AUTOS = YES_AGGRESSIVE;
				GCC_WARN_UNUSED_FUNCTION = YES;
				GCC_WARN_UNUSED_VARIABLE = YES;
				IPHONEOS_DEPLOYMENT_TARGET = 10.2;
				MTL_ENABLE_DEBUG_INFO = NO;
				SDKROOT = iphoneos;
				SWIFT_OPTIMIZATION_LEVEL = "-Owholemodule";
				TARGETED_DEVICE_FAMILY = "1,2";
				VALIDATE_PRODUCT = YES;
			};
			name = Release;
		};
		BAF280A31E28C70A00D6D181 /* Debug */ = {
			isa = XCBuildConfiguration;
			buildSettings = {
				ASSETCATALOG_COMPILER_APPICON_NAME = AppIcon;
				DEVELOPMENT_TEAM = K6439SN8NA;
				FRAMEWORK_SEARCH_PATHS = (
					"$(inherited)",
					"$(PROJECT_DIR)/Carthage/Build/iOS",
				);
				INFOPLIST_FILE = TransitionManagerDemo/Info.plist;
				LD_RUNPATH_SEARCH_PATHS = "$(inherited) @executable_path/Frameworks";
				PRODUCT_BUNDLE_IDENTIFIER = con.VicenteSuarez.TransitionManagerDemo;
				PRODUCT_NAME = "$(TARGET_NAME)";
				SWIFT_VERSION = 3.0;
			};
			name = Debug;
		};
		BAF280A41E28C70A00D6D181 /* Release */ = {
			isa = XCBuildConfiguration;
			buildSettings = {
				ASSETCATALOG_COMPILER_APPICON_NAME = AppIcon;
				DEVELOPMENT_TEAM = K6439SN8NA;
				FRAMEWORK_SEARCH_PATHS = (
					"$(inherited)",
					"$(PROJECT_DIR)/Carthage/Build/iOS",
				);
				INFOPLIST_FILE = TransitionManagerDemo/Info.plist;
				LD_RUNPATH_SEARCH_PATHS = "$(inherited) @executable_path/Frameworks";
				PRODUCT_BUNDLE_IDENTIFIER = con.VicenteSuarez.TransitionManagerDemo;
				PRODUCT_NAME = "$(TARGET_NAME)";
				SWIFT_VERSION = 3.0;
			};
			name = Release;
		};
		BAF280A61E28C70A00D6D181 /* Debug */ = {
			isa = XCBuildConfiguration;
			buildSettings = {
				ALWAYS_EMBED_SWIFT_STANDARD_LIBRARIES = YES;
				BUNDLE_LOADER = "$(TEST_HOST)";
				DEVELOPMENT_TEAM = K6439SN8NA;
				INFOPLIST_FILE = TransitionManagerDemoTests/Info.plist;
				LD_RUNPATH_SEARCH_PATHS = "$(inherited) @executable_path/Frameworks @loader_path/Frameworks";
				PRODUCT_BUNDLE_IDENTIFIER = con.VicenteSuarez.TransitionManagerDemoTests;
				PRODUCT_NAME = "$(TARGET_NAME)";
				SWIFT_VERSION = 3.0;
				TEST_HOST = "$(BUILT_PRODUCTS_DIR)/TransitionManagerDemo.app/TransitionManagerDemo";
			};
			name = Debug;
		};
		BAF280A71E28C70A00D6D181 /* Release */ = {
			isa = XCBuildConfiguration;
			buildSettings = {
				ALWAYS_EMBED_SWIFT_STANDARD_LIBRARIES = YES;
				BUNDLE_LOADER = "$(TEST_HOST)";
				DEVELOPMENT_TEAM = K6439SN8NA;
				INFOPLIST_FILE = TransitionManagerDemoTests/Info.plist;
				LD_RUNPATH_SEARCH_PATHS = "$(inherited) @executable_path/Frameworks @loader_path/Frameworks";
				PRODUCT_BUNDLE_IDENTIFIER = con.VicenteSuarez.TransitionManagerDemoTests;
				PRODUCT_NAME = "$(TARGET_NAME)";
				SWIFT_VERSION = 3.0;
				TEST_HOST = "$(BUILT_PRODUCTS_DIR)/TransitionManagerDemo.app/TransitionManagerDemo";
			};
			name = Release;
		};
		BAF280A91E28C70A00D6D181 /* Debug */ = {
			isa = XCBuildConfiguration;
			buildSettings = {
				ALWAYS_EMBED_SWIFT_STANDARD_LIBRARIES = YES;
				DEVELOPMENT_TEAM = K6439SN8NA;
				INFOPLIST_FILE = TransitionManagerDemoUITests/Info.plist;
				LD_RUNPATH_SEARCH_PATHS = "$(inherited) @executable_path/Frameworks @loader_path/Frameworks";
				PRODUCT_BUNDLE_IDENTIFIER = con.VicenteSuarez.TransitionManagerDemoUITests;
				PRODUCT_NAME = "$(TARGET_NAME)";
				SWIFT_VERSION = 3.0;
				TEST_TARGET_NAME = TransitionManagerDemo;
			};
			name = Debug;
		};
		BAF280AA1E28C70A00D6D181 /* Release */ = {
			isa = XCBuildConfiguration;
			buildSettings = {
				ALWAYS_EMBED_SWIFT_STANDARD_LIBRARIES = YES;
				DEVELOPMENT_TEAM = K6439SN8NA;
				INFOPLIST_FILE = TransitionManagerDemoUITests/Info.plist;
				LD_RUNPATH_SEARCH_PATHS = "$(inherited) @executable_path/Frameworks @loader_path/Frameworks";
				PRODUCT_BUNDLE_IDENTIFIER = con.VicenteSuarez.TransitionManagerDemoUITests;
				PRODUCT_NAME = "$(TARGET_NAME)";
				SWIFT_VERSION = 3.0;
				TEST_TARGET_NAME = TransitionManagerDemo;
			};
			name = Release;
		};
/* End XCBuildConfiguration section */

/* Begin XCConfigurationList section */
		BAF280751E28C70900D6D181 /* Build configuration list for PBXProject "TransitionManagerDemo" */ = {
			isa = XCConfigurationList;
			buildConfigurations = (
				BAF280A01E28C70A00D6D181 /* Debug */,
				BAF280A11E28C70A00D6D181 /* Release */,
			);
			defaultConfigurationIsVisible = 0;
			defaultConfigurationName = Release;
		};
		BAF280A21E28C70A00D6D181 /* Build configuration list for PBXNativeTarget "TransitionManagerDemo" */ = {
			isa = XCConfigurationList;
			buildConfigurations = (
				BAF280A31E28C70A00D6D181 /* Debug */,
				BAF280A41E28C70A00D6D181 /* Release */,
			);
			defaultConfigurationIsVisible = 0;
		};
		BAF280A51E28C70A00D6D181 /* Build configuration list for PBXNativeTarget "TransitionManagerDemoTests" */ = {
			isa = XCConfigurationList;
			buildConfigurations = (
				BAF280A61E28C70A00D6D181 /* Debug */,
				BAF280A71E28C70A00D6D181 /* Release */,
			);
			defaultConfigurationIsVisible = 0;
		};
		BAF280A81E28C70A00D6D181 /* Build configuration list for PBXNativeTarget "TransitionManagerDemoUITests" */ = {
			isa = XCConfigurationList;
			buildConfigurations = (
				BAF280A91E28C70A00D6D181 /* Debug */,
				BAF280AA1E28C70A00D6D181 /* Release */,
			);
			defaultConfigurationIsVisible = 0;
		};
/* End XCConfigurationList section */
	};
	rootObject = BAF280721E28C70900D6D181 /* Project object */;
}
