// !$*UTF8*$!
{
	archiveVersion = 1;
	classes = {
	};
	objectVersion = 46;
	objects = {

/* Begin PBXBuildFile section */
		BAF2DE331DD44AB400A796DD /* TransitionManager.framework in Frameworks */ = {isa = PBXBuildFile; fileRef = BAF2DE291DD44AB300A796DD /* TransitionManager.framework */; };
		BAF2DE381DD44AB400A796DD /* TransitionManagerTests.swift in Sources */ = {isa = PBXBuildFile; fileRef = BAF2DE371DD44AB400A796DD /* TransitionManagerTests.swift */; };
		BAF2DE3A1DD44AB400A796DD /* TransitionManager.h in Headers */ = {isa = PBXBuildFile; fileRef = BAF2DE2C1DD44AB300A796DD /* TransitionManager.h */; settings = {ATTRIBUTES = (Public, ); }; };
		BAF2DE441DD44B0000A796DD /* PresentationType.swift in Sources */ = {isa = PBXBuildFile; fileRef = BAF2DE431DD44B0000A796DD /* PresentationType.swift */; };
		BAF2DE461DD44B1A00A796DD /* PresentationDirection.swift in Sources */ = {isa = PBXBuildFile; fileRef = BAF2DE451DD44B1A00A796DD /* PresentationDirection.swift */; };
		BAF2DE4C1DD44EE300A796DD /* TransitionSource.swift in Sources */ = {isa = PBXBuildFile; fileRef = BAF2DE4B1DD44EE300A796DD /* TransitionSource.swift */; };
		BAF2DE4E1DD44F5700A796DD /* TransitionDestination.swift in Sources */ = {isa = PBXBuildFile; fileRef = BAF2DE4D1DD44F5700A796DD /* TransitionDestination.swift */; };
		BAF2DE541DD454F200A796DD /* InteractiveTransitioning.swift in Sources */ = {isa = PBXBuildFile; fileRef = BAF2DE531DD454F200A796DD /* InteractiveTransitioning.swift */; };
		BAF2DE561DD4553100A796DD /* AnimatedTransitioning.swift in Sources */ = {isa = PBXBuildFile; fileRef = BAF2DE551DD4553100A796DD /* AnimatedTransitioning.swift */; };
		BAF2DE5A1DD457EC00A796DD /* TransitionManager.swift in Sources */ = {isa = PBXBuildFile; fileRef = BAF2DE591DD457EC00A796DD /* TransitionManager.swift */; };
		BAF2DE5C1DD4582B00A796DD /* TransitioningDelegate.swift in Sources */ = {isa = PBXBuildFile; fileRef = BAF2DE5B1DD4582B00A796DD /* TransitioningDelegate.swift */; };
/* End PBXBuildFile section */

/* Begin PBXContainerItemProxy section */
		BAF2DE341DD44AB400A796DD /* PBXContainerItemProxy */ = {
			isa = PBXContainerItemProxy;
			containerPortal = BAF2DE201DD44AB300A796DD /* Project object */;
			proxyType = 1;
			remoteGlobalIDString = BAF2DE281DD44AB300A796DD;
			remoteInfo = TransitionManager;
		};
/* End PBXContainerItemProxy section */

/* Begin PBXFileReference section */
		BAF2DE291DD44AB300A796DD /* TransitionManager.framework */ = {isa = PBXFileReference; explicitFileType = wrapper.framework; includeInIndex = 0; path = TransitionManager.framework; sourceTree = BUILT_PRODUCTS_DIR; };
		BAF2DE2C1DD44AB300A796DD /* TransitionManager.h */ = {isa = PBXFileReference; lastKnownFileType = sourcecode.c.h; path = TransitionManager.h; sourceTree = "<group>"; };
		BAF2DE2D1DD44AB400A796DD /* Info.plist */ = {isa = PBXFileReference; lastKnownFileType = text.plist.xml; path = Info.plist; sourceTree = "<group>"; };
		BAF2DE321DD44AB400A796DD /* TransitionManagerTests.xctest */ = {isa = PBXFileReference; explicitFileType = wrapper.cfbundle; includeInIndex = 0; path = TransitionManagerTests.xctest; sourceTree = BUILT_PRODUCTS_DIR; };
		BAF2DE371DD44AB400A796DD /* TransitionManagerTests.swift */ = {isa = PBXFileReference; lastKnownFileType = sourcecode.swift; path = TransitionManagerTests.swift; sourceTree = "<group>"; };
		BAF2DE391DD44AB400A796DD /* Info.plist */ = {isa = PBXFileReference; lastKnownFileType = text.plist.xml; path = Info.plist; sourceTree = "<group>"; };
		BAF2DE431DD44B0000A796DD /* PresentationType.swift */ = {isa = PBXFileReference; fileEncoding = 4; lastKnownFileType = sourcecode.swift; path = PresentationType.swift; sourceTree = "<group>"; };
		BAF2DE451DD44B1A00A796DD /* PresentationDirection.swift */ = {isa = PBXFileReference; fileEncoding = 4; lastKnownFileType = sourcecode.swift; path = PresentationDirection.swift; sourceTree = "<group>"; };
		BAF2DE4B1DD44EE300A796DD /* TransitionSource.swift */ = {isa = PBXFileReference; fileEncoding = 4; lastKnownFileType = sourcecode.swift; path = TransitionSource.swift; sourceTree = "<group>"; };
		BAF2DE4D1DD44F5700A796DD /* TransitionDestination.swift */ = {isa = PBXFileReference; fileEncoding = 4; lastKnownFileType = sourcecode.swift; path = TransitionDestination.swift; sourceTree = "<group>"; };
		BAF2DE531DD454F200A796DD /* InteractiveTransitioning.swift */ = {isa = PBXFileReference; fileEncoding = 4; lastKnownFileType = sourcecode.swift; path = InteractiveTransitioning.swift; sourceTree = "<group>"; };
		BAF2DE551DD4553100A796DD /* AnimatedTransitioning.swift */ = {isa = PBXFileReference; fileEncoding = 4; lastKnownFileType = sourcecode.swift; path = AnimatedTransitioning.swift; sourceTree = "<group>"; };
		BAF2DE591DD457EC00A796DD /* TransitionManager.swift */ = {isa = PBXFileReference; fileEncoding = 4; lastKnownFileType = sourcecode.swift; path = TransitionManager.swift; sourceTree = "<group>"; };
		BAF2DE5B1DD4582B00A796DD /* TransitioningDelegate.swift */ = {isa = PBXFileReference; fileEncoding = 4; lastKnownFileType = sourcecode.swift; path = TransitioningDelegate.swift; sourceTree = "<group>"; };
/* End PBXFileReference section */

/* Begin PBXFrameworksBuildPhase section */
		BAF2DE251DD44AB300A796DD /* Frameworks */ = {
			isa = PBXFrameworksBuildPhase;
			buildActionMask = 2147483647;
			files = (
			);
			runOnlyForDeploymentPostprocessing = 0;
		};
		BAF2DE2F1DD44AB400A796DD /* Frameworks */ = {
			isa = PBXFrameworksBuildPhase;
			buildActionMask = 2147483647;
			files = (
				BAF2DE331DD44AB400A796DD /* TransitionManager.framework in Frameworks */,
			);
			runOnlyForDeploymentPostprocessing = 0;
		};
/* End PBXFrameworksBuildPhase section */

/* Begin PBXGroup section */
		BAF2DE1F1DD44AB300A796DD = {
			isa = PBXGroup;
			children = (
				BAF2DE2B1DD44AB300A796DD /* TransitionManager */,
				BAF2DE361DD44AB400A796DD /* TransitionManagerTests */,
				BAF2DE2A1DD44AB300A796DD /* Products */,
			);
			sourceTree = "<group>";
		};
		BAF2DE2A1DD44AB300A796DD /* Products */ = {
			isa = PBXGroup;
			children = (
				BAF2DE291DD44AB300A796DD /* TransitionManager.framework */,
				BAF2DE321DD44AB400A796DD /* TransitionManagerTests.xctest */,
			);
			name = Products;
			sourceTree = "<group>";
		};
		BAF2DE2B1DD44AB300A796DD /* TransitionManager */ = {
			isa = PBXGroup;
			children = (
				BAF2DE591DD457EC00A796DD /* TransitionManager.swift */,
				BAF2DE5B1DD4582B00A796DD /* TransitioningDelegate.swift */,
				BAF2DE4B1DD44EE300A796DD /* TransitionSource.swift */,
				BAF2DE4D1DD44F5700A796DD /* TransitionDestination.swift */,
				BAF2DE551DD4553100A796DD /* AnimatedTransitioning.swift */,
				BAF2DE531DD454F200A796DD /* InteractiveTransitioning.swift */,
				BAF2DE451DD44B1A00A796DD /* PresentationDirection.swift */,
				BAF2DE431DD44B0000A796DD /* PresentationType.swift */,
				BAF2DE2C1DD44AB300A796DD /* TransitionManager.h */,
				BAF2DE2D1DD44AB400A796DD /* Info.plist */,
			);
			path = TransitionManager;
			sourceTree = "<group>";
		};
		BAF2DE361DD44AB400A796DD /* TransitionManagerTests */ = {
			isa = PBXGroup;
			children = (
				BAF2DE371DD44AB400A796DD /* TransitionManagerTests.swift */,
				BAF2DE391DD44AB400A796DD /* Info.plist */,
			);
			path = TransitionManagerTests;
			sourceTree = "<group>";
		};
/* End PBXGroup section */

/* Begin PBXHeadersBuildPhase section */
		BAF2DE261DD44AB300A796DD /* Headers */ = {
			isa = PBXHeadersBuildPhase;
			buildActionMask = 2147483647;
			files = (
				BAF2DE3A1DD44AB400A796DD /* TransitionManager.h in Headers */,
			);
			runOnlyForDeploymentPostprocessing = 0;
		};
/* End PBXHeadersBuildPhase section */

/* Begin PBXNativeTarget section */
		BAF2DE281DD44AB300A796DD /* TransitionManager */ = {
			isa = PBXNativeTarget;
			buildConfigurationList = BAF2DE3D1DD44AB400A796DD /* Build configuration list for PBXNativeTarget "TransitionManager" */;
			buildPhases = (
				BAF2DE241DD44AB300A796DD /* Sources */,
				BAF2DE251DD44AB300A796DD /* Frameworks */,
				BAF2DE261DD44AB300A796DD /* Headers */,
				BAF2DE271DD44AB300A796DD /* Resources */,
			);
			buildRules = (
			);
			dependencies = (
			);
			name = TransitionManager;
			productName = TransitionManager;
			productReference = BAF2DE291DD44AB300A796DD /* TransitionManager.framework */;
			productType = "com.apple.product-type.framework";
		};
		BAF2DE311DD44AB400A796DD /* TransitionManagerTests */ = {
			isa = PBXNativeTarget;
			buildConfigurationList = BAF2DE401DD44AB400A796DD /* Build configuration list for PBXNativeTarget "TransitionManagerTests" */;
			buildPhases = (
				BAF2DE2E1DD44AB400A796DD /* Sources */,
				BAF2DE2F1DD44AB400A796DD /* Frameworks */,
				BAF2DE301DD44AB400A796DD /* Resources */,
			);
			buildRules = (
			);
			dependencies = (
				BAF2DE351DD44AB400A796DD /* PBXTargetDependency */,
			);
			name = TransitionManagerTests;
			productName = TransitionManagerTests;
			productReference = BAF2DE321DD44AB400A796DD /* TransitionManagerTests.xctest */;
			productType = "com.apple.product-type.bundle.unit-test";
		};
/* End PBXNativeTarget section */

/* Begin PBXProject section */
		BAF2DE201DD44AB300A796DD /* Project object */ = {
			isa = PBXProject;
			attributes = {
				LastSwiftUpdateCheck = 0810;
				LastUpgradeCheck = 0810;
				ORGANIZATIONNAME = "Vicente Suarez";
				TargetAttributes = {
					BAF2DE281DD44AB300A796DD = {
						CreatedOnToolsVersion = 8.1;
						DevelopmentTeam = K6439SN8NA;
						LastSwiftMigration = 0810;
						ProvisioningStyle = Automatic;
					};
					BAF2DE311DD44AB400A796DD = {
						CreatedOnToolsVersion = 8.1;
						DevelopmentTeam = K6439SN8NA;
						ProvisioningStyle = Automatic;
					};
				};
			};
			buildConfigurationList = BAF2DE231DD44AB300A796DD /* Build configuration list for PBXProject "TransitionManager" */;
			compatibilityVersion = "Xcode 3.2";
			developmentRegion = English;
			hasScannedForEncodings = 0;
			knownRegions = (
				en,
			);
			mainGroup = BAF2DE1F1DD44AB300A796DD;
			productRefGroup = BAF2DE2A1DD44AB300A796DD /* Products */;
			projectDirPath = "";
			projectRoot = "";
			targets = (
				BAF2DE281DD44AB300A796DD /* TransitionManager */,
				BAF2DE311DD44AB400A796DD /* TransitionManagerTests */,
			);
		};
/* End PBXProject section */

/* Begin PBXResourcesBuildPhase section */
		BAF2DE271DD44AB300A796DD /* Resources */ = {
			isa = PBXResourcesBuildPhase;
			buildActionMask = 2147483647;
			files = (
			);
			runOnlyForDeploymentPostprocessing = 0;
		};
		BAF2DE301DD44AB400A796DD /* Resources */ = {
			isa = PBXResourcesBuildPhase;
			buildActionMask = 2147483647;
			files = (
			);
			runOnlyForDeploymentPostprocessing = 0;
		};
/* End PBXResourcesBuildPhase section */

/* Begin PBXSourcesBuildPhase section */
		BAF2DE241DD44AB300A796DD /* Sources */ = {
			isa = PBXSourcesBuildPhase;
			buildActionMask = 2147483647;
			files = (
				BAF2DE441DD44B0000A796DD /* PresentationType.swift in Sources */,
				BAF2DE4C1DD44EE300A796DD /* TransitionSource.swift in Sources */,
				BAF2DE5C1DD4582B00A796DD /* TransitioningDelegate.swift in Sources */,
				BAF2DE5A1DD457EC00A796DD /* TransitionManager.swift in Sources */,
				BAF2DE561DD4553100A796DD /* AnimatedTransitioning.swift in Sources */,
				BAF2DE461DD44B1A00A796DD /* PresentationDirection.swift in Sources */,
				BAF2DE541DD454F200A796DD /* InteractiveTransitioning.swift in Sources */,
				BAF2DE4E1DD44F5700A796DD /* TransitionDestination.swift in Sources */,
			);
			runOnlyForDeploymentPostprocessing = 0;
		};
		BAF2DE2E1DD44AB400A796DD /* Sources */ = {
			isa = PBXSourcesBuildPhase;
			buildActionMask = 2147483647;
			files = (
				BAF2DE381DD44AB400A796DD /* TransitionManagerTests.swift in Sources */,
			);
			runOnlyForDeploymentPostprocessing = 0;
		};
/* End PBXSourcesBuildPhase section */

/* Begin PBXTargetDependency section */
		BAF2DE351DD44AB400A796DD /* PBXTargetDependency */ = {
			isa = PBXTargetDependency;
			target = BAF2DE281DD44AB300A796DD /* TransitionManager */;
			targetProxy = BAF2DE341DD44AB400A796DD /* PBXContainerItemProxy */;
		};
/* End PBXTargetDependency section */

/* Begin XCBuildConfiguration section */
		BAF2DE3B1DD44AB400A796DD /* Debug */ = {
			isa = XCBuildConfiguration;
			buildSettings = {
				ALWAYS_SEARCH_USER_PATHS = NO;
				CLANG_ANALYZER_NONNULL = YES;
				CLANG_CXX_LANGUAGE_STANDARD = "gnu++0x";
				CLANG_CXX_LIBRARY = "libc++";
				CLANG_ENABLE_MODULES = YES;
				CLANG_ENABLE_OBJC_ARC = YES;
				CLANG_WARN_BOOL_CONVERSION = YES;
				CLANG_WARN_CONSTANT_CONVERSION = YES;
				CLANG_WARN_DIRECT_OBJC_ISA_USAGE = YES_ERROR;
				CLANG_WARN_DOCUMENTATION_COMMENTS = YES;
				CLANG_WARN_EMPTY_BODY = YES;
				CLANG_WARN_ENUM_CONVERSION = YES;
				CLANG_WARN_INFINITE_RECURSION = YES;
				CLANG_WARN_INT_CONVERSION = YES;
				CLANG_WARN_OBJC_ROOT_CLASS = YES_ERROR;
				CLANG_WARN_SUSPICIOUS_MOVES = YES;
				CLANG_WARN_UNREACHABLE_CODE = YES;
				CLANG_WARN__DUPLICATE_METHOD_MATCH = YES;
				"CODE_SIGN_IDENTITY[sdk=iphoneos*]" = "iPhone Developer";
				COPY_PHASE_STRIP = NO;
				CURRENT_PROJECT_VERSION = 1;
				DEBUG_INFORMATION_FORMAT = dwarf;
				ENABLE_STRICT_OBJC_MSGSEND = YES;
				ENABLE_TESTABILITY = YES;
				GCC_C_LANGUAGE_STANDARD = gnu99;
				GCC_DYNAMIC_NO_PIC = NO;
				GCC_NO_COMMON_BLOCKS = YES;
				GCC_OPTIMIZATION_LEVEL = 0;
				GCC_PREPROCESSOR_DEFINITIONS = (
					"DEBUG=1",
					"$(inherited)",
				);
				GCC_WARN_64_TO_32_BIT_CONVERSION = YES;
				GCC_WARN_ABOUT_RETURN_TYPE = YES_ERROR;
				GCC_WARN_UNDECLARED_SELECTOR = YES;
				GCC_WARN_UNINITIALIZED_AUTOS = YES_AGGRESSIVE;
				GCC_WARN_UNUSED_FUNCTION = YES;
				GCC_WARN_UNUSED_VARIABLE = YES;
				IPHONEOS_DEPLOYMENT_TARGET = 10.1;
				MTL_ENABLE_DEBUG_INFO = YES;
				ONLY_ACTIVE_ARCH = YES;
				SDKROOT = iphoneos;
				SWIFT_ACTIVE_COMPILATION_CONDITIONS = DEBUG;
				SWIFT_OPTIMIZATION_LEVEL = "-Onone";
				TARGETED_DEVICE_FAMILY = "1,2";
				VERSIONING_SYSTEM = "apple-generic";
				VERSION_INFO_PREFIX = "";
			};
			name = Debug;
		};
		BAF2DE3C1DD44AB400A796DD /* Release */ = {
			isa = XCBuildConfiguration;
			buildSettings = {
				ALWAYS_SEARCH_USER_PATHS = NO;
				CLANG_ANALYZER_NONNULL = YES;
				CLANG_CXX_LANGUAGE_STANDARD = "gnu++0x";
				CLANG_CXX_LIBRARY = "libc++";
				CLANG_ENABLE_MODULES = YES;
				CLANG_ENABLE_OBJC_ARC = YES;
				CLANG_WARN_BOOL_CONVERSION = YES;
				CLANG_WARN_CONSTANT_CONVERSION = YES;
				CLANG_WARN_DIRECT_OBJC_ISA_USAGE = YES_ERROR;
				CLANG_WARN_DOCUMENTATION_COMMENTS = YES;
				CLANG_WARN_EMPTY_BODY = YES;
				CLANG_WARN_ENUM_CONVERSION = YES;
				CLANG_WARN_INFINITE_RECURSION = YES;
				CLANG_WARN_INT_CONVERSION = YES;
				CLANG_WARN_OBJC_ROOT_CLASS = YES_ERROR;
				CLANG_WARN_SUSPICIOUS_MOVES = YES;
				CLANG_WARN_UNREACHABLE_CODE = YES;
				CLANG_WARN__DUPLICATE_METHOD_MATCH = YES;
				"CODE_SIGN_IDENTITY[sdk=iphoneos*]" = "iPhone Developer";
				COPY_PHASE_STRIP = NO;
				CURRENT_PROJECT_VERSION = 1;
				DEBUG_INFORMATION_FORMAT = "dwarf-with-dsym";
				ENABLE_NS_ASSERTIONS = NO;
				ENABLE_STRICT_OBJC_MSGSEND = YES;
				GCC_C_LANGUAGE_STANDARD = gnu99;
				GCC_NO_COMMON_BLOCKS = YES;
				GCC_WARN_64_TO_32_BIT_CONVERSION = YES;
				GCC_WARN_ABOUT_RETURN_TYPE = YES_ERROR;
				GCC_WARN_UNDECLARED_SELECTOR = YES;
				GCC_WARN_UNINITIALIZED_AUTOS = YES_AGGRESSIVE;
				GCC_WARN_UNUSED_FUNCTION = YES;
				GCC_WARN_UNUSED_VARIABLE = YES;
				IPHONEOS_DEPLOYMENT_TARGET = 10.1;
				MTL_ENABLE_DEBUG_INFO = NO;
				SDKROOT = iphoneos;
				SWIFT_OPTIMIZATION_LEVEL = "-Owholemodule";
				TARGETED_DEVICE_FAMILY = "1,2";
				VALIDATE_PRODUCT = YES;
				VERSIONING_SYSTEM = "apple-generic";
				VERSION_INFO_PREFIX = "";
			};
			name = Release;
		};
		BAF2DE3E1DD44AB400A796DD /* Debug */ = {
			isa = XCBuildConfiguration;
			buildSettings = {
				CLANG_ENABLE_MODULES = YES;
				CODE_SIGN_IDENTITY = "";
				DEFINES_MODULE = YES;
				DEVELOPMENT_TEAM = K6439SN8NA;
				DYLIB_COMPATIBILITY_VERSION = 1;
				DYLIB_CURRENT_VERSION = 1;
				DYLIB_INSTALL_NAME_BASE = "@rpath";
				INFOPLIST_FILE = TransitionManager/Info.plist;
				INSTALL_PATH = "$(LOCAL_LIBRARY_DIR)/Frameworks";
				LD_RUNPATH_SEARCH_PATHS = "$(inherited) @executable_path/Frameworks @loader_path/Frameworks";
				PRODUCT_BUNDLE_IDENTIFIER = com.vicentesuarez.TransitionManager;
				PRODUCT_NAME = "$(TARGET_NAME)";
				SKIP_INSTALL = YES;
				SWIFT_OPTIMIZATION_LEVEL = "-Onone";
				SWIFT_VERSION = 3.0;
			};
			name = Debug;
		};
		BAF2DE3F1DD44AB400A796DD /* Release */ = {
			isa = XCBuildConfiguration;
			buildSettings = {
				CLANG_ENABLE_MODULES = YES;
				CODE_SIGN_IDENTITY = "";
				DEFINES_MODULE = YES;
				DEVELOPMENT_TEAM = K6439SN8NA;
				DYLIB_COMPATIBILITY_VERSION = 1;
				DYLIB_CURRENT_VERSION = 1;
				DYLIB_INSTALL_NAME_BASE = "@rpath";
				INFOPLIST_FILE = TransitionManager/Info.plist;
				INSTALL_PATH = "$(LOCAL_LIBRARY_DIR)/Frameworks";
				LD_RUNPATH_SEARCH_PATHS = "$(inherited) @executable_path/Frameworks @loader_path/Frameworks";
				PRODUCT_BUNDLE_IDENTIFIER = com.vicentesuarez.TransitionManager;
				PRODUCT_NAME = "$(TARGET_NAME)";
				SKIP_INSTALL = YES;
				SWIFT_VERSION = 3.0;
			};
			name = Release;
		};
		BAF2DE411DD44AB400A796DD /* Debug */ = {
			isa = XCBuildConfiguration;
			buildSettings = {
				ALWAYS_EMBED_SWIFT_STANDARD_LIBRARIES = YES;
				DEVELOPMENT_TEAM = K6439SN8NA;
				INFOPLIST_FILE = TransitionManagerTests/Info.plist;
				LD_RUNPATH_SEARCH_PATHS = "$(inherited) @executable_path/Frameworks @loader_path/Frameworks";
				PRODUCT_BUNDLE_IDENTIFIER = com.vicentesuarez.TransitionManagerTests;
				PRODUCT_NAME = "$(TARGET_NAME)";
				SWIFT_VERSION = 3.0;
			};
			name = Debug;
		};
		BAF2DE421DD44AB400A796DD /* Release */ = {
			isa = XCBuildConfiguration;
			buildSettings = {
				ALWAYS_EMBED_SWIFT_STANDARD_LIBRARIES = YES;
				DEVELOPMENT_TEAM = K6439SN8NA;
				INFOPLIST_FILE = TransitionManagerTests/Info.plist;
				LD_RUNPATH_SEARCH_PATHS = "$(inherited) @executable_path/Frameworks @loader_path/Frameworks";
				PRODUCT_BUNDLE_IDENTIFIER = com.vicentesuarez.TransitionManagerTests;
				PRODUCT_NAME = "$(TARGET_NAME)";
				SWIFT_VERSION = 3.0;
			};
			name = Release;
		};
/* End XCBuildConfiguration section */

/* Begin XCConfigurationList section */
		BAF2DE231DD44AB300A796DD /* Build configuration list for PBXProject "TransitionManager" */ = {
			isa = XCConfigurationList;
			buildConfigurations = (
				BAF2DE3B1DD44AB400A796DD /* Debug */,
				BAF2DE3C1DD44AB400A796DD /* Release */,
			);
			defaultConfigurationIsVisible = 0;
			defaultConfigurationName = Release;
		};
		BAF2DE3D1DD44AB400A796DD /* Build configuration list for PBXNativeTarget "TransitionManager" */ = {
			isa = XCConfigurationList;
			buildConfigurations = (
				BAF2DE3E1DD44AB400A796DD /* Debug */,
				BAF2DE3F1DD44AB400A796DD /* Release */,
			);
			defaultConfigurationIsVisible = 0;
			defaultConfigurationName = Release;
		};
		BAF2DE401DD44AB400A796DD /* Build configuration list for PBXNativeTarget "TransitionManagerTests" */ = {
			isa = XCConfigurationList;
			buildConfigurations = (
				BAF2DE411DD44AB400A796DD /* Debug */,
				BAF2DE421DD44AB400A796DD /* Release */,
			);
			defaultConfigurationIsVisible = 0;
			defaultConfigurationName = Release;
		};
/* End XCConfigurationList section */
	};
	rootObject = BAF2DE201DD44AB300A796DD /* Project object */;
}
